
Microsoft Visual Studio Solution File, Format Version 12.00
# Visual Studio Version 17
VisualStudioVersion = 17.3.32929.385
MinimumVisualStudioVersion = 10.0.40219.1
Project("{FAE04EC0-301F-11D3-BF4B-00C04F79EFBC}") = "D365SFTP", "D365SFTP.csproj", "{ACDD49B3-6CC0-4E8F-AD3D-E99F62E6C196}"
EndProject
Global
	GlobalSection(SolutionConfigurationPlatforms) = preSolution
		Debug|Any CPU = Debug|Any CPU
		Release|Any CPU = Release|Any CPU
	EndGlobalSection
	GlobalSection(ProjectConfigurationPlatforms) = postSolution
		{ACDD49B3-6CC0-4E8F-AD3D-E99F62E6C196}.Debug|Any CPU.ActiveCfg = Debug|Any CPU
		{ACDD49B3-6CC0-4E8F-AD3D-E99F62E6C196}.Debug|Any CPU.Build.0 = Debug|Any CPU
		{ACDD49B3-6CC0-4E8F-AD3D-E99F62E6C196}.Release|Any CPU.ActiveCfg = Release|Any CPU
		{ACDD49B3-6CC0-4E8F-AD3D-E99F62E6C196}.Release|Any CPU.Build.0 = Release|Any CPU
	EndGlobalSection
	GlobalSection(SolutionProperties) = preSolution
		HideSolutionNode = FALSE
	EndGlobalSection
	GlobalSection(ExtensibilityGlobals) = postSolution
		SolutionGuid = {45118BA6-E7F1-4DBC-9729-087505DAD28A}
	EndGlobalSection
EndGlobal
